// !$*UTF8*$!
{
	archiveVersion = 1;
	classes = {
	};
	objectVersion = 50;
	objects = {

/* Begin PBXBuildFile section */
		17BC1618244FEB2E00CF42CB /* AppDelegate.swift in Sources */ = {isa = PBXBuildFile; fileRef = 17BC1617244FEB2E00CF42CB /* AppDelegate.swift */; };
		17BC161A244FEB2E00CF42CB /* SceneDelegate.swift in Sources */ = {isa = PBXBuildFile; fileRef = 17BC1619244FEB2E00CF42CB /* SceneDelegate.swift */; };
		17BC161C244FEB2E00CF42CB /* ViewController.swift in Sources */ = {isa = PBXBuildFile; fileRef = 17BC161B244FEB2E00CF42CB /* ViewController.swift */; };
		17BC161F244FEB2E00CF42CB /* Main.storyboard in Resources */ = {isa = PBXBuildFile; fileRef = 17BC161D244FEB2E00CF42CB /* Main.storyboard */; };
		17BC1621244FEB3000CF42CB /* Assets.xcassets in Resources */ = {isa = PBXBuildFile; fileRef = 17BC1620244FEB3000CF42CB /* Assets.xcassets */; };
		17BC1624244FEB3000CF42CB /* LaunchScreen.storyboard in Resources */ = {isa = PBXBuildFile; fileRef = 17BC1622244FEB3000CF42CB /* LaunchScreen.storyboard */; };
		17BC162C244FEB7A00CF42CB /* Starfield.swift in Sources */ = {isa = PBXBuildFile; fileRef = 17BC162B244FEB7A00CF42CB /* Starfield.swift */; };
/* End PBXBuildFile section */

/* Begin PBXFileReference section */
		17BC1614244FEB2E00CF42CB /* Starfield.app */ = {isa = PBXFileReference; explicitFileType = wrapper.application; includeInIndex = 0; path = Starfield.app; sourceTree = BUILT_PRODUCTS_DIR; };
		17BC1617244FEB2E00CF42CB /* AppDelegate.swift */ = {isa = PBXFileReference; lastKnownFileType = sourcecode.swift; path = AppDelegate.swift; sourceTree = "<group>"; };
		17BC1619244FEB2E00CF42CB /* SceneDelegate.swift */ = {isa = PBXFileReference; lastKnownFileType = sourcecode.swift; path = SceneDelegate.swift; sourceTree = "<group>"; };
		17BC161B244FEB2E00CF42CB /* ViewController.swift */ = {isa = PBXFileReference; lastKnownFileType = sourcecode.swift; path = ViewController.swift; sourceTree = "<group>"; };
		17BC161E244FEB2E00CF42CB /* Base */ = {isa = PBXFileReference; lastKnownFileType = file.storyboard; name = Base; path = Base.lproj/Main.storyboard; sourceTree = "<group>"; };
		17BC1620244FEB3000CF42CB /* Assets.xcassets */ = {isa = PBXFileReference; lastKnownFileType = folder.assetcatalog; path = Assets.xcassets; sourceTree = "<group>"; };
		17BC1623244FEB3000CF42CB /* Base */ = {isa = PBXFileReference; lastKnownFileType = file.storyboard; name = Base; path = Base.lproj/LaunchScreen.storyboard; sourceTree = "<group>"; };
		17BC1625244FEB3000CF42CB /* Info.plist */ = {isa = PBXFileReference; lastKnownFileType = text.plist.xml; path = Info.plist; sourceTree = "<group>"; };
		17BC162B244FEB7A00CF42CB /* Starfield.swift */ = {isa = PBXFileReference; lastKnownFileType = sourcecode.swift; path = Starfield.swift; sourceTree = "<group>"; };
		17BC162E244FFCBE00CF42CB /* CoreGraphics.framework */ = {isa = PBXFileReference; lastKnownFileType = wrapper.framework; name = CoreGraphics.framework; path = System/Library/Frameworks/CoreGraphics.framework; sourceTree = SDKROOT; };
		17BC1630244FFCD400CF42CB /* ARKit.framework */ = {isa = PBXFileReference; lastKnownFileType = wrapper.framework; name = ARKit.framework; path = System/Library/Frameworks/ARKit.framework; sourceTree = SDKROOT; };
		17BC1632244FFFD700CF42CB /* Starfield.entitlements */ = {isa = PBXFileReference; lastKnownFileType = text.plist.entitlements; path = Starfield.entitlements; sourceTree = "<group>"; };
/* End PBXFileReference section */

/* Begin PBXFrameworksBuildPhase section */
		17BC1611244FEB2E00CF42CB /* Frameworks */ = {
			isa = PBXFrameworksBuildPhase;
			buildActionMask = 2147483647;
			files = (
			);
			runOnlyForDeploymentPostprocessing = 0;
		};
/* End PBXFrameworksBuildPhase section */

/* Begin PBXGroup section */
		17BC160B244FEB2E00CF42CB = {
			isa = PBXGroup;
			children = (
				17BC1616244FEB2E00CF42CB /* Starfield */,
				17BC1615244FEB2E00CF42CB /* Products */,
				17BC162D244FFCBE00CF42CB /* Frameworks */,
			);
			sourceTree = "<group>";
		};
		17BC1615244FEB2E00CF42CB /* Products */ = {
			isa = PBXGroup;
			children = (
				17BC1614244FEB2E00CF42CB /* Starfield.app */,
			);
			name = Products;
			sourceTree = "<group>";
		};
		17BC1616244FEB2E00CF42CB /* Starfield */ = {
			isa = PBXGroup;
			children = (
				17BC1632244FFFD700CF42CB /* Starfield.entitlements */,
				17BC1617244FEB2E00CF42CB /* AppDelegate.swift */,
				17BC1619244FEB2E00CF42CB /* SceneDelegate.swift */,
				17BC161B244FEB2E00CF42CB /* ViewController.swift */,
				17BC162B244FEB7A00CF42CB /* Starfield.swift */,
				17BC161D244FEB2E00CF42CB /* Main.storyboard */,
				17BC1620244FEB3000CF42CB /* Assets.xcassets */,
				17BC1622244FEB3000CF42CB /* LaunchScreen.storyboard */,
				17BC1625244FEB3000CF42CB /* Info.plist */,
			);
			path = Starfield;
			sourceTree = "<group>";
		};
		17BC162D244FFCBE00CF42CB /* Frameworks */ = {
			isa = PBXGroup;
			children = (
				17BC1630244FFCD400CF42CB /* ARKit.framework */,
				17BC162E244FFCBE00CF42CB /* CoreGraphics.framework */,
			);
			name = Frameworks;
			sourceTree = "<group>";
		};
/* End PBXGroup section */

/* Begin PBXNativeTarget section */
		17BC1613244FEB2E00CF42CB /* Starfield */ = {
			isa = PBXNativeTarget;
			buildConfigurationList = 17BC1628244FEB3000CF42CB /* Build configuration list for PBXNativeTarget "Starfield" */;
			buildPhases = (
				17BC1610244FEB2E00CF42CB /* Sources */,
				17BC1611244FEB2E00CF42CB /* Frameworks */,
				17BC1612244FEB2E00CF42CB /* Resources */,
			);
			buildRules = (
			);
			dependencies = (
			);
			name = Starfield;
			productName = Starfield;
			productReference = 17BC1614244FEB2E00CF42CB /* Starfield.app */;
			productType = "com.apple.product-type.application";
		};
/* End PBXNativeTarget section */

/* Begin PBXProject section */
		17BC160C244FEB2E00CF42CB /* Project object */ = {
			isa = PBXProject;
			attributes = {
				LastSwiftUpdateCheck = 1140;
				LastUpgradeCheck = 1140;
				ORGANIZATIONNAME = "Stuart Rankin";
				TargetAttributes = {
					17BC1613244FEB2E00CF42CB = {
						CreatedOnToolsVersion = 11.4.1;
					};
				};
			};
			buildConfigurationList = 17BC160F244FEB2E00CF42CB /* Build configuration list for PBXProject "Starfield" */;
			compatibilityVersion = "Xcode 9.3";
			developmentRegion = en;
			hasScannedForEncodings = 0;
			knownRegions = (
				en,
				Base,
			);
			mainGroup = 17BC160B244FEB2E00CF42CB;
			productRefGroup = 17BC1615244FEB2E00CF42CB /* Products */;
			projectDirPath = "";
			projectRoot = "";
			targets = (
				17BC1613244FEB2E00CF42CB /* Starfield */,
			);
		};
/* End PBXProject section */

/* Begin PBXResourcesBuildPhase section */
		17BC1612244FEB2E00CF42CB /* Resources */ = {
			isa = PBXResourcesBuildPhase;
			buildActionMask = 2147483647;
			files = (
				17BC1624244FEB3000CF42CB /* LaunchScreen.storyboard in Resources */,
				17BC1621244FEB3000CF42CB /* Assets.xcassets in Resources */,
				17BC161F244FEB2E00CF42CB /* Main.storyboard in Resources */,
			);
			runOnlyForDeploymentPostprocessing = 0;
		};
/* End PBXResourcesBuildPhase section */

/* Begin PBXSourcesBuildPhase section */
		17BC1610244FEB2E00CF42CB /* Sources */ = {
			isa = PBXSourcesBuildPhase;
			buildActionMask = 2147483647;
			files = (
				17BC162C244FEB7A00CF42CB /* Starfield.swift in Sources */,
				17BC161C244FEB2E00CF42CB /* ViewController.swift in Sources */,
				17BC1618244FEB2E00CF42CB /* AppDelegate.swift in Sources */,
				17BC161A244FEB2E00CF42CB /* SceneDelegate.swift in Sources */,
			);
			runOnlyForDeploymentPostprocessing = 0;
		};
/* End PBXSourcesBuildPhase section */

/* Begin PBXVariantGroup section */
		17BC161D244FEB2E00CF42CB /* Main.storyboard */ = {
			isa = PBXVariantGroup;
			children = (
				17BC161E244FEB2E00CF42CB /* Base */,
			);
			name = Main.storyboard;
			sourceTree = "<group>";
		};
		17BC1622244FEB3000CF42CB /* LaunchScreen.storyboard */ = {
			isa = PBXVariantGroup;
			children = (
				17BC1623244FEB3000CF42CB /* Base */,
			);
			name = LaunchScreen.storyboard;
			sourceTree = "<group>";
		};
/* End PBXVariantGroup section */

/* Begin XCBuildConfiguration section */
		17BC1626244FEB3000CF42CB /* Debug */ = {
			isa = XCBuildConfiguration;
			buildSettings = {
				ALWAYS_SEARCH_USER_PATHS = NO;
				CLANG_ANALYZER_NONNULL = YES;
				CLANG_ANALYZER_NUMBER_OBJECT_CONVERSION = YES_AGGRESSIVE;
				CLANG_CXX_LANGUAGE_STANDARD = "gnu++14";
				CLANG_CXX_LIBRARY = "libc++";
				CLANG_ENABLE_MODULES = YES;
				CLANG_ENABLE_OBJC_ARC = YES;
				CLANG_ENABLE_OBJC_WEAK = YES;
				CLANG_WARN_BLOCK_CAPTURE_AUTORELEASING = YES;
				CLANG_WARN_BOOL_CONVERSION = YES;
				CLANG_WARN_COMMA = YES;
				CLANG_WARN_CONSTANT_CONVERSION = YES;
				CLANG_WARN_DEPRECATED_OBJC_IMPLEMENTATIONS = YES;
				CLANG_WARN_DIRECT_OBJC_ISA_USAGE = YES_ERROR;
				CLANG_WARN_DOCUMENTATION_COMMENTS = YES;
				CLANG_WARN_EMPTY_BODY = YES;
				CLANG_WARN_ENUM_CONVERSION = YES;
				CLANG_WARN_INFINITE_RECURSION = YES;
				CLANG_WARN_INT_CONVERSION = YES;
				CLANG_WARN_NON_LITERAL_NULL_CONVERSION = YES;
				CLANG_WARN_OBJC_IMPLICIT_RETAIN_SELF = YES;
				CLANG_WARN_OBJC_LITERAL_CONVERSION = YES;
				CLANG_WARN_OBJC_ROOT_CLASS = YES_ERROR;
				CLANG_WARN_RANGE_LOOP_ANALYSIS = YES;
				CLANG_WARN_STRICT_PROTOTYPES = YES;
				CLANG_WARN_SUSPICIOUS_MOVE = YES;
				CLANG_WARN_UNGUARDED_AVAILABILITY = YES_AGGRESSIVE;
				CLANG_WARN_UNREACHABLE_CODE = YES;
				CLANG_WARN__DUPLICATE_METHOD_MATCH = YES;
				COPY_PHASE_STRIP = NO;
				DEBUG_INFORMATION_FORMAT = dwarf;
				ENABLE_STRICT_OBJC_MSGSEND = YES;
				ENABLE_TESTABILITY = YES;
				GCC_C_LANGUAGE_STANDARD = gnu11;
				GCC_DYNAMIC_NO_PIC = NO;
				GCC_NO_COMMON_BLOCKS = YES;
				GCC_OPTIMIZATION_LEVEL = 0;
				GCC_PREPROCESSOR_DEFINITIONS = (
					"DEBUG=1",
					"$(inherited)",
				);
				GCC_WARN_64_TO_32_BIT_CONVERSION = YES;
				GCC_WARN_ABOUT_RETURN_TYPE = YES_ERROR;
				GCC_WARN_UNDECLARED_SELECTOR = YES;
				GCC_WARN_UNINITIALIZED_AUTOS = YES_AGGRESSIVE;
				GCC_WARN_UNUSED_FUNCTION = YES;
				GCC_WARN_UNUSED_VARIABLE = YES;
				IPHONEOS_DEPLOYMENT_TARGET = 13.4;
				MTL_ENABLE_DEBUG_INFO = INCLUDE_SOURCE;
				MTL_FAST_MATH = YES;
				ONLY_ACTIVE_ARCH = YES;
				SDKROOT = iphoneos;
				SWIFT_ACTIVE_COMPILATION_CONDITIONS = DEBUG;
				SWIFT_OPTIMIZATION_LEVEL = "-Onone";
			};
			name = Debug;
		};
		17BC1627244FEB3000CF42CB /* Release */ = {
			isa = XCBuildConfiguration;
			buildSettings = {
				ALWAYS_SEARCH_USER_PATHS = NO;
				CLANG_ANALYZER_NONNULL = YES;
				CLANG_ANALYZER_NUMBER_OBJECT_CONVERSION = YES_AGGRESSIVE;
				CLANG_CXX_LANGUAGE_STANDARD = "gnu++14";
				CLANG_CXX_LIBRARY = "libc++";
				CLANG_ENABLE_MODULES = YES;
				CLANG_ENABLE_OBJC_ARC = YES;
				CLANG_ENABLE_OBJC_WEAK = YES;
				CLANG_WARN_BLOCK_CAPTURE_AUTORELEASING = YES;
				CLANG_WARN_BOOL_CONVERSION = YES;
				CLANG_WARN_COMMA = YES;
				CLANG_WARN_CONSTANT_CONVERSION = YES;
				CLANG_WARN_DEPRECATED_OBJC_IMPLEMENTATIONS = YES;
				CLANG_WARN_DIRECT_OBJC_ISA_USAGE = YES_ERROR;
				CLANG_WARN_DOCUMENTATION_COMMENTS = YES;
				CLANG_WARN_EMPTY_BODY = YES;
				CLANG_WARN_ENUM_CONVERSION = YES;
				CLANG_WARN_INFINITE_RECURSION = YES;
				CLANG_WARN_INT_CONVERSION = YES;
				CLANG_WARN_NON_LITERAL_NULL_CONVERSION = YES;
				CLANG_WARN_OBJC_IMPLICIT_RETAIN_SELF = YES;
				CLANG_WARN_OBJC_LITERAL_CONVERSION = YES;
				CLANG_WARN_OBJC_ROOT_CLASS = YES_ERROR;
				CLANG_WARN_RANGE_LOOP_ANALYSIS = YES;
				CLANG_WARN_STRICT_PROTOTYPES = YES;
				CLANG_WARN_SUSPICIOUS_MOVE = YES;
				CLANG_WARN_UNGUARDED_AVAILABILITY = YES_AGGRESSIVE;
				CLANG_WARN_UNREACHABLE_CODE = YES;
				CLANG_WARN__DUPLICATE_METHOD_MATCH = YES;
				COPY_PHASE_STRIP = NO;
				DEBUG_INFORMATION_FORMAT = "dwarf-with-dsym";
				ENABLE_NS_ASSERTIONS = NO;
				ENABLE_STRICT_OBJC_MSGSEND = YES;
				GCC_C_LANGUAGE_STANDARD = gnu11;
				GCC_NO_COMMON_BLOCKS = YES;
				GCC_WARN_64_TO_32_BIT_CONVERSION = YES;
				GCC_WARN_ABOUT_RETURN_TYPE = YES_ERROR;
				GCC_WARN_UNDECLARED_SELECTOR = YES;
				GCC_WARN_UNINITIALIZED_AUTOS = YES_AGGRESSIVE;
				GCC_WARN_UNUSED_FUNCTION = YES;
				GCC_WARN_UNUSED_VARIABLE = YES;
				IPHONEOS_DEPLOYMENT_TARGET = 13.4;
				MTL_ENABLE_DEBUG_INFO = NO;
				MTL_FAST_MATH = YES;
				SDKROOT = iphoneos;
				SWIFT_COMPILATION_MODE = wholemodule;
				SWIFT_OPTIMIZATION_LEVEL = "-O";
				VALIDATE_PRODUCT = YES;
			};
			name = Release;
		};
		17BC1629244FEB3000CF42CB /* Debug */ = {
			isa = XCBuildConfiguration;
			buildSettings = {
				ASSETCATALOG_COMPILER_APPICON_NAME = AppIcon;
				CODE_SIGN_ENTITLEMENTS = Starfield/Starfield.entitlements;
				CODE_SIGN_STYLE = Automatic;
				DEVELOPMENT_TEAM = 4BB235M4GL;
				INFOPLIST_FILE = Starfield/Info.plist;
				LD_RUNPATH_SEARCH_PATHS = (
					"$(inherited)",
					"@executable_path/Frameworks",
				);
				PRODUCT_BUNDLE_IDENTIFIER = Irorio.Starfield;
				PRODUCT_NAME = "$(TARGET_NAME)";
				SUPPORTS_MACCATALYST = YES;
				SWIFT_VERSION = 5.0;
				TARGETED_DEVICE_FAMILY = "1,2";
			};
			name = Debug;
		};
		17BC162A244FEB3000CF42CB /* Release */ = {
			isa = XCBuildConfiguration;
			buildSettings = {
				ASSETCATALOG_COMPILER_APPICON_NAME = AppIcon;
				CODE_SIGN_ENTITLEMENTS = Starfield/Starfield.entitlements;
				CODE_SIGN_STYLE = Automatic;
				DEVELOPMENT_TEAM = 4BB235M4GL;
				INFOPLIST_FILE = Starfield/Info.plist;
				LD_RUNPATH_SEARCH_PATHS = (
					"$(inherited)",
					"@executable_path/Frameworks",
				);
				PRODUCT_BUNDLE_IDENTIFIER = Irorio.Starfield;
				PRODUCT_NAME = "$(TARGET_NAME)";
				SUPPORTS_MACCATALYST = YES;
				SWIFT_VERSION = 5.0;
				TARGETED_DEVICE_FAMILY = "1,2";
			};
			name = Release;
		};
/* End XCBuildConfiguration section */

/* Begin XCConfigurationList section */
		17BC160F244FEB2E00CF42CB /* Build configuration list for PBXProject "Starfield" */ = {
			isa = XCConfigurationList;
			buildConfigurations = (
				17BC1626244FEB3000CF42CB /* Debug */,
				17BC1627244FEB3000CF42CB /* Release */,
			);
			defaultConfigurationIsVisible = 0;
			defaultConfigurationName = Release;
		};
		17BC1628244FEB3000CF42CB /* Build configuration list for PBXNativeTarget "Starfield" */ = {
			isa = XCConfigurationList;
			buildConfigurations = (
				17BC1629244FEB3000CF42CB /* Debug */,
				17BC162A244FEB3000CF42CB /* Release */,
			);
			defaultConfigurationIsVisible = 0;
			defaultConfigurationName = Release;
		};
/* End XCConfigurationList section */
	};
	rootObject = 17BC160C244FEB2E00CF42CB /* Project object */;
}
